
Microsoft Visual Studio Solution File, Format Version 12.00
Project("{FAE04EC0-301F-11D3-BF4B-00C04F79EFBC}") = "blazor-portfolio", "blazor-portfolio\blazor-portfolio.csproj", "{2DC17C8F-F55B-4F77-81D2-FA49FD52B538}"
EndProject
Global
	GlobalSection(SolutionConfigurationPlatforms) = preSolution
		Debug|Any CPU = Debug|Any CPU
		Release|Any CPU = Release|Any CPU
	EndGlobalSection
	GlobalSection(ProjectConfigurationPlatforms) = postSolution
		{2DC17C8F-F55B-4F77-81D2-FA49FD52B538}.Debug|Any CPU.ActiveCfg = Debug|Any CPU
		{2DC17C8F-F55B-4F77-81D2-FA49FD52B538}.Debug|Any CPU.Build.0 = Debug|Any CPU
		{2DC17C8F-F55B-4F77-81D2-FA49FD52B538}.Release|Any CPU.ActiveCfg = Release|Any CPU
		{2DC17C8F-F55B-4F77-81D2-FA49FD52B538}.Release|Any CPU.Build.0 = Release|Any CPU
	EndGlobalSection
EndGlobal
